PODS:
  - cycleCategoryTool (1.0.0)

DEPENDENCIES:
  - cycleCategoryTool (from `../`)

EXTERNAL SOURCES:
  cycleCategoryTool:
    :path: "../"

SPEC CHECKSUMS:
  cycleCategoryTool: 6e9373ab63092cc9cf7f209c8b28738a2a558d1c

PODFILE CHECKSUM: 3a74b96a4bf842b614854a4aa44a141b5ea6be3d

COCOAPODS: 1.5.0
